
Microsoft Visual Studio Solution File, Format Version 12.00
# Visual Studio Version 17
VisualStudioVersion = 17.8.34525.116
MinimumVisualStudioVersion = 10.0.40219.1
Project("{FAE04EC0-301F-11D3-BF4B-00C04F79EFBC}") = "CopyLane", "CopyLane\CopyLane.csproj", "{DD2F6EF0-D0B9-4EFB-92D5-A46F148AD1FF}"
EndProject
Global
	GlobalSection(SolutionConfigurationPlatforms) = preSolution
		Debug|Any CPU = Debug|Any CPU
		Release|Any CPU = Release|Any CPU
	EndGlobalSection
	GlobalSection(ProjectConfigurationPlatforms) = postSolution
		{DD2F6EF0-D0B9-4EFB-92D5-A46F148AD1FF}.Debug|Any CPU.ActiveCfg = Debug|Any CPU
		{DD2F6EF0-D0B9-4EFB-92D5-A46F148AD1FF}.Debug|Any CPU.Build.0 = Debug|Any CPU
		{DD2F6EF0-D0B9-4EFB-92D5-A46F148AD1FF}.Release|Any CPU.ActiveCfg = Release|Any CPU
		{DD2F6EF0-D0B9-4EFB-92D5-A46F148AD1FF}.Release|Any CPU.Build.0 = Release|Any CPU
	EndGlobalSection
	GlobalSection(SolutionProperties) = preSolution
		HideSolutionNode = FALSE
	EndGlobalSection
	GlobalSection(ExtensibilityGlobals) = postSolution
		SolutionGuid = {288FDB53-95F6-4EFE-89A3-90E06BB4160E}
	EndGlobalSection
EndGlobal
