
Microsoft Visual Studio Solution File, Format Version 12.00
# Visual Studio Version 17
VisualStudioVersion = 17.8.34525.116
MinimumVisualStudioVersion = 10.0.40219.1
Project("{9A19103F-16F7-4668-BE54-9A1E7A4F7556}") = "CopyLane", "CopyLane\CopyLane.csproj", "{DD2F6EF0-D0B9-4EFB-92D5-A46F148AD1FF}"
EndProject
Project("{9A19103F-16F7-4668-BE54-9A1E7A4F7556}") = "CopyLane.Server", "CopyLane.Server\CopyLane.Server.csproj", "{29DD9A49-180F-46B1-8A00-0578FBDB7D17}"
EndProject
Project("{9A19103F-16F7-4668-BE54-9A1E7A4F7556}") = "CopyLane.Client", "CopyLane.Client\CopyLane.Client.csproj", "{0AA5EA1A-051D-4C24-91C9-BD178A5A9A72}"
EndProject
Project("{FAE04EC0-301F-11D3-BF4B-00C04F79EFBC}") = "CopyLane.SignalR", "CopyLane.SignalR\CopyLane.SignalR.csproj", "{C639F145-CF3A-4A97-AF9D-BF84757CB288}"
EndProject
Global
	GlobalSection(SolutionConfigurationPlatforms) = preSolution
		Debug|Any CPU = Debug|Any CPU
		Release|Any CPU = Release|Any CPU
	EndGlobalSection
	GlobalSection(ProjectConfigurationPlatforms) = postSolution
		{DD2F6EF0-D0B9-4EFB-92D5-A46F148AD1FF}.Debug|Any CPU.ActiveCfg = Debug|Any CPU
		{DD2F6EF0-D0B9-4EFB-92D5-A46F148AD1FF}.Debug|Any CPU.Build.0 = Debug|Any CPU
		{DD2F6EF0-D0B9-4EFB-92D5-A46F148AD1FF}.Release|Any CPU.ActiveCfg = Release|Any CPU
		{DD2F6EF0-D0B9-4EFB-92D5-A46F148AD1FF}.Release|Any CPU.Build.0 = Release|Any CPU
		{29DD9A49-180F-46B1-8A00-0578FBDB7D17}.Debug|Any CPU.ActiveCfg = Debug|Any CPU
		{29DD9A49-180F-46B1-8A00-0578FBDB7D17}.Debug|Any CPU.Build.0 = Debug|Any CPU
		{29DD9A49-180F-46B1-8A00-0578FBDB7D17}.Release|Any CPU.ActiveCfg = Release|Any CPU
		{29DD9A49-180F-46B1-8A00-0578FBDB7D17}.Release|Any CPU.Build.0 = Release|Any CPU
		{0AA5EA1A-051D-4C24-91C9-BD178A5A9A72}.Debug|Any CPU.ActiveCfg = Debug|Any CPU
		{0AA5EA1A-051D-4C24-91C9-BD178A5A9A72}.Debug|Any CPU.Build.0 = Debug|Any CPU
		{0AA5EA1A-051D-4C24-91C9-BD178A5A9A72}.Release|Any CPU.ActiveCfg = Release|Any CPU
		{0AA5EA1A-051D-4C24-91C9-BD178A5A9A72}.Release|Any CPU.Build.0 = Release|Any CPU
		{C639F145-CF3A-4A97-AF9D-BF84757CB288}.Debug|Any CPU.ActiveCfg = Debug|Any CPU
		{C639F145-CF3A-4A97-AF9D-BF84757CB288}.Debug|Any CPU.Build.0 = Debug|Any CPU
		{C639F145-CF3A-4A97-AF9D-BF84757CB288}.Release|Any CPU.ActiveCfg = Release|Any CPU
		{C639F145-CF3A-4A97-AF9D-BF84757CB288}.Release|Any CPU.Build.0 = Release|Any CPU
	EndGlobalSection
	GlobalSection(SolutionProperties) = preSolution
		HideSolutionNode = FALSE
	EndGlobalSection
	GlobalSection(ExtensibilityGlobals) = postSolution
		SolutionGuid = {288FDB53-95F6-4EFE-89A3-90E06BB4160E}
	EndGlobalSection
EndGlobal
